
Microsoft Visual Studio Solution File, Format Version 12.00
# Visual Studio Version 17
VisualStudioVersion = 17.14.36429.23 d17.14
MinimumVisualStudioVersion = 10.0.40219.1
Project("{8BC9CEB8-8B4A-11D0-8D11-00A0C91BC942}") = "ConsoleApplication4", "ConsoleApplication4\ConsoleApplication4.vcxproj", "{6B95604D-FC83-41E4-ADD5-5D682CB65ADA}"
EndProject
Global
	GlobalSection(SolutionConfigurationPlatforms) = preSolution
		Debug|x64 = Debug|x64
		Debug|x86 = Debug|x86
		Release|x64 = Release|x64
		Release|x86 = Release|x86
	EndGlobalSection
	GlobalSection(ProjectConfigurationPlatforms) = postSolution
		{6B95604D-FC83-41E4-ADD5-5D682CB65ADA}.Debug|x64.ActiveCfg = Debug|x64
		{6B95604D-FC83-41E4-ADD5-5D682CB65ADA}.Debug|x64.Build.0 = Debug|x64
		{6B95604D-FC83-41E4-ADD5-5D682CB65ADA}.Debug|x86.ActiveCfg = Debug|Win32
		{6B95604D-FC83-41E4-ADD5-5D682CB65ADA}.Debug|x86.Build.0 = Debug|Win32
		{6B95604D-FC83-41E4-ADD5-5D682CB65ADA}.Release|x64.ActiveCfg = Release|x64
		{6B95604D-FC83-41E4-ADD5-5D682CB65ADA}.Release|x64.Build.0 = Release|x64
		{6B95604D-FC83-41E4-ADD5-5D682CB65ADA}.Release|x86.ActiveCfg = Release|Win32
		{6B95604D-FC83-41E4-ADD5-5D682CB65ADA}.Release|x86.Build.0 = Release|Win32
	EndGlobalSection
	GlobalSection(SolutionProperties) = preSolution
		HideSolutionNode = FALSE
	EndGlobalSection
	GlobalSection(ExtensibilityGlobals) = postSolution
		SolutionGuid = {728082D5-801E-425F-9CD3-D6B2C293B0AB}
	EndGlobalSection
EndGlobal
